// !$*UTF8*$!
{
	archiveVersion = 1;
	classes = {
	};
	objectVersion = 77;
	objects = {

/* Begin PBXBuildFile section */
		9BD6FB662F49F1A0001F966F /* SnapKit in Frameworks */ = {isa = PBXBuildFile; productRef = 9BD6FB652F49F1A0001F966F /* SnapKit */; };
		9BD6FB792F49F275001F966F /* Assets.xcassets in Resources */ = {isa = PBXBuildFile; fileRef = 9BD6FB6C2F49F275001F966F /* Assets.xcassets */; };
		9BD6FB7B2F49F275001F966F /* LaunchScreen.storyboard in Resources */ = {isa = PBXBuildFile; fileRef = 9BD6FB762F49F275001F966F /* LaunchScreen.storyboard */; };
		9BD6FB7C2F49F275001F966F /* ApiError.swift in Sources */ = {isa = PBXBuildFile; fileRef = 9BD6FB672F49F275001F966F /* ApiError.swift */; };
		9BD6FB7D2F49F275001F966F /* HTTPHeaders.swift in Sources */ = {isa = PBXBuildFile; fileRef = 9BD6FB682F49F275001F966F /* HTTPHeaders.swift */; };
		9BD6FB7E2F49F275001F966F /* API.swift in Sources */ = {isa = PBXBuildFile; fileRef = 9BD6FB6A2F49F275001F966F /* API.swift */; };
		9BD6FB7F2F49F275001F966F /* TopUsersVC.swift in Sources */ = {isa = PBXBuildFile; fileRef = 9BD6FB6F2F49F275001F966F /* TopUsersVC.swift */; };
		9BD6FB802F49F275001F966F /* AppDelegate.swift in Sources */ = {isa = PBXBuildFile; fileRef = 9BD6FB732F49F275001F966F /* AppDelegate.swift */; };
		9BD6FB812F49F275001F966F /* SceneDelegate.swift in Sources */ = {isa = PBXBuildFile; fileRef = 9BD6FB772F49F275001F966F /* SceneDelegate.swift */; };
		9BD6FB862F49F4AC001F966F /* UIView+Extensions.swift in Sources */ = {isa = PBXBuildFile; fileRef = 9BD6FB852F49F4AC001F966F /* UIView+Extensions.swift */; };
		9BD6FB882F4A51CE001F966F /* StackOverflowTopUsers.swift in Sources */ = {isa = PBXBuildFile; fileRef = 9BD6FB872F4A51CE001F966F /* StackOverflowTopUsers.swift */; };
		9BD6FB8A2F4B1CD0001F966F /* UITableView+Extension.swift in Sources */ = {isa = PBXBuildFile; fileRef = 9BD6FB892F4B1CD0001F966F /* UITableView+Extension.swift */; };
		9BD6FB8C2F4B1D4F001F966F /* TopUsersViewModel.swift in Sources */ = {isa = PBXBuildFile; fileRef = 9BD6FB8B2F4B1D4F001F966F /* TopUsersViewModel.swift */; };
		9BD6FB8F2F4B1FEA001F966F /* TopUserCell.swift in Sources */ = {isa = PBXBuildFile; fileRef = 9BD6FB8E2F4B1FEA001F966F /* TopUserCell.swift */; };
/* End PBXBuildFile section */

/* Begin PBXContainerItemProxy section */
		9BD6FB322F49E6D1001F966F /* PBXContainerItemProxy */ = {
			isa = PBXContainerItemProxy;
			containerPortal = 9BD6FB132F49E6CF001F966F /* Project object */;
			proxyType = 1;
			remoteGlobalIDString = 9BD6FB1A2F49E6CF001F966F;
			remoteInfo = RedditViewer;
		};
		9BD6FB3C2F49E6D1001F966F /* PBXContainerItemProxy */ = {
			isa = PBXContainerItemProxy;
			containerPortal = 9BD6FB132F49E6CF001F966F /* Project object */;
			proxyType = 1;
			remoteGlobalIDString = 9BD6FB1A2F49E6CF001F966F;
			remoteInfo = RedditViewer;
		};
/* End PBXContainerItemProxy section */

/* Begin PBXFileReference section */
		9BD6FB1B2F49E6CF001F966F /* RedditViewer.app */ = {isa = PBXFileReference; explicitFileType = wrapper.application; includeInIndex = 0; path = RedditViewer.app; sourceTree = BUILT_PRODUCTS_DIR; };
		9BD6FB312F49E6D1001F966F /* RedditViewerTests.xctest */ = {isa = PBXFileReference; explicitFileType = wrapper.cfbundle; includeInIndex = 0; path = RedditViewerTests.xctest; sourceTree = BUILT_PRODUCTS_DIR; };
		9BD6FB3B2F49E6D1001F966F /* RedditViewerUITests.xctest */ = {isa = PBXFileReference; explicitFileType = wrapper.cfbundle; includeInIndex = 0; path = RedditViewerUITests.xctest; sourceTree = BUILT_PRODUCTS_DIR; };
		9BD6FB672F49F275001F966F /* ApiError.swift */ = {isa = PBXFileReference; lastKnownFileType = sourcecode.swift; path = ApiError.swift; sourceTree = "<group>"; };
		9BD6FB682F49F275001F966F /* HTTPHeaders.swift */ = {isa = PBXFileReference; lastKnownFileType = sourcecode.swift; path = HTTPHeaders.swift; sourceTree = "<group>"; };
		9BD6FB6A2F49F275001F966F /* API.swift */ = {isa = PBXFileReference; lastKnownFileType = sourcecode.swift; path = API.swift; sourceTree = "<group>"; };
		9BD6FB6C2F49F275001F966F /* Assets.xcassets */ = {isa = PBXFileReference; lastKnownFileType = folder.assetcatalog; path = Assets.xcassets; sourceTree = "<group>"; };
		9BD6FB6F2F49F275001F966F /* TopUsersVC.swift */ = {isa = PBXFileReference; lastKnownFileType = sourcecode.swift; path = TopUsersVC.swift; sourceTree = "<group>"; };
		9BD6FB732F49F275001F966F /* AppDelegate.swift */ = {isa = PBXFileReference; lastKnownFileType = sourcecode.swift; path = AppDelegate.swift; sourceTree = "<group>"; };
		9BD6FB742F49F275001F966F /* Info.plist */ = {isa = PBXFileReference; lastKnownFileType = text.plist.xml; path = Info.plist; sourceTree = "<group>"; };
		9BD6FB752F49F275001F966F /* Base */ = {isa = PBXFileReference; lastKnownFileType = file.storyboard; name = Base; path = Base.lproj/LaunchScreen.storyboard; sourceTree = "<group>"; };
		9BD6FB772F49F275001F966F /* SceneDelegate.swift */ = {isa = PBXFileReference; lastKnownFileType = sourcecode.swift; path = SceneDelegate.swift; sourceTree = "<group>"; };
		9BD6FB852F49F4AC001F966F /* UIView+Extensions.swift */ = {isa = PBXFileReference; lastKnownFileType = sourcecode.swift; path = "UIView+Extensions.swift"; sourceTree = "<group>"; };
		9BD6FB872F4A51CE001F966F /* StackOverflowTopUsers.swift */ = {isa = PBXFileReference; lastKnownFileType = sourcecode.swift; path = StackOverflowTopUsers.swift; sourceTree = "<group>"; };
		9BD6FB892F4B1CD0001F966F /* UITableView+Extension.swift */ = {isa = PBXFileReference; lastKnownFileType = sourcecode.swift; path = "UITableView+Extension.swift"; sourceTree = "<group>"; };
		9BD6FB8B2F4B1D4F001F966F /* TopUsersViewModel.swift */ = {isa = PBXFileReference; lastKnownFileType = sourcecode.swift; path = TopUsersViewModel.swift; sourceTree = "<group>"; };
		9BD6FB8E2F4B1FEA001F966F /* TopUserCell.swift */ = {isa = PBXFileReference; lastKnownFileType = sourcecode.swift; path = TopUserCell.swift; sourceTree = "<group>"; };
/* End PBXFileReference section */

/* Begin PBXFileSystemSynchronizedRootGroup section */
		9BD6FB342F49E6D1001F966F /* RedditViewerTests */ = {
			isa = PBXFileSystemSynchronizedRootGroup;
			path = RedditViewerTests;
			sourceTree = "<group>";
		};
		9BD6FB3E2F49E6D1001F966F /* RedditViewerUITests */ = {
			isa = PBXFileSystemSynchronizedRootGroup;
			path = RedditViewerUITests;
			sourceTree = "<group>";
		};
/* End PBXFileSystemSynchronizedRootGroup section */

/* Begin PBXFrameworksBuildPhase section */
		9BD6FB182F49E6CF001F966F /* Frameworks */ = {
			isa = PBXFrameworksBuildPhase;
			buildActionMask = 2147483647;
			files = (
				9BD6FB662F49F1A0001F966F /* SnapKit in Frameworks */,
			);
			runOnlyForDeploymentPostprocessing = 0;
		};
		9BD6FB2E2F49E6D1001F966F /* Frameworks */ = {
			isa = PBXFrameworksBuildPhase;
			buildActionMask = 2147483647;
			files = (
			);
			runOnlyForDeploymentPostprocessing = 0;
		};
		9BD6FB382F49E6D1001F966F /* Frameworks */ = {
			isa = PBXFrameworksBuildPhase;
			buildActionMask = 2147483647;
			files = (
			);
			runOnlyForDeploymentPostprocessing = 0;
		};
/* End PBXFrameworksBuildPhase section */

/* Begin PBXGroup section */
		9BD6FB122F49E6CF001F966F = {
			isa = PBXGroup;
			children = (
				9BD6FB782F49F275001F966F /* RedditViewer */,
				9BD6FB342F49E6D1001F966F /* RedditViewerTests */,
				9BD6FB3E2F49E6D1001F966F /* RedditViewerUITests */,
				9BD6FB1C2F49E6CF001F966F /* Products */,
			);
			sourceTree = "<group>";
		};
		9BD6FB1C2F49E6CF001F966F /* Products */ = {
			isa = PBXGroup;
			children = (
				9BD6FB1B2F49E6CF001F966F /* RedditViewer.app */,
				9BD6FB312F49E6D1001F966F /* RedditViewerTests.xctest */,
				9BD6FB3B2F49E6D1001F966F /* RedditViewerUITests.xctest */,
			);
			name = Products;
			sourceTree = "<group>";
		};
		9BD6FB692F49F275001F966F /* Models */ = {
			isa = PBXGroup;
			children = (
				9BD6FB672F49F275001F966F /* ApiError.swift */,
				9BD6FB682F49F275001F966F /* HTTPHeaders.swift */,
				9BD6FB872F4A51CE001F966F /* StackOverflowTopUsers.swift */,
			);
			path = Models;
			sourceTree = "<group>";
		};
		9BD6FB6B2F49F275001F966F /* Network */ = {
			isa = PBXGroup;
			children = (
				9BD6FB6A2F49F275001F966F /* API.swift */,
				9BD6FB692F49F275001F966F /* Models */,
			);
			path = Network;
			sourceTree = "<group>";
		};
		9BD6FB6D2F49F275001F966F /* Assets */ = {
			isa = PBXGroup;
			children = (
				9BD6FB6C2F49F275001F966F /* Assets.xcassets */,
			);
			path = Assets;
			sourceTree = "<group>";
		};
		9BD6FB6E2F49F275001F966F /* Sources */ = {
			isa = PBXGroup;
			children = (
				9BD6FB6D2F49F275001F966F /* Assets */,
				9BD6FB842F49F310001F966F /* LaunchScreen */,
			);
			path = Sources;
			sourceTree = "<group>";
		};
		9BD6FB702F49F275001F966F /* MainVC */ = {
			isa = PBXGroup;
			children = (
				9BD6FB6F2F49F275001F966F /* TopUsersVC.swift */,
				9BD6FB8B2F4B1D4F001F966F /* TopUsersViewModel.swift */,
				9BD6FB8D2F4B1FA4001F966F /* Cells */,
			);
			path = MainVC;
			sourceTree = "<group>";
		};
		9BD6FB712F49F275001F966F /* ViewControllers */ = {
			isa = PBXGroup;
			children = (
				9BD6FB702F49F275001F966F /* MainVC */,
			);
			path = ViewControllers;
			sourceTree = "<group>";
		};
		9BD6FB722F49F275001F966F /* Views */ = {
			isa = PBXGroup;
			children = (
			);
			path = Views;
			sourceTree = "<group>";
		};
		9BD6FB782F49F275001F966F /* RedditViewer */ = {
			isa = PBXGroup;
			children = (
				9BD6FB742F49F275001F966F /* Info.plist */,
				9BD6FB732F49F275001F966F /* AppDelegate.swift */,
				9BD6FB772F49F275001F966F /* SceneDelegate.swift */,
				9BD6FB712F49F275001F966F /* ViewControllers */,
				9BD6FB722F49F275001F966F /* Views */,
				9BD6FB832F49F2D1001F966F /* Extensions */,
				9BD6FB6B2F49F275001F966F /* Network */,
				9BD6FB6E2F49F275001F966F /* Sources */,
			);
			path = RedditViewer;
			sourceTree = "<group>";
		};
		9BD6FB832F49F2D1001F966F /* Extensions */ = {
			isa = PBXGroup;
			children = (
				9BD6FB852F49F4AC001F966F /* UIView+Extensions.swift */,
				9BD6FB892F4B1CD0001F966F /* UITableView+Extension.swift */,
			);
			path = Extensions;
			sourceTree = "<group>";
		};
		9BD6FB842F49F310001F966F /* LaunchScreen */ = {
			isa = PBXGroup;
			children = (
				9BD6FB762F49F275001F966F /* LaunchScreen.storyboard */,
			);
			path = LaunchScreen;
			sourceTree = "<group>";
		};
		9BD6FB8D2F4B1FA4001F966F /* Cells */ = {
			isa = PBXGroup;
			children = (
				9BD6FB8E2F4B1FEA001F966F /* TopUserCell.swift */,
			);
			path = Cells;
			sourceTree = "<group>";
		};
/* End PBXGroup section */

/* Begin PBXNativeTarget section */
		9BD6FB1A2F49E6CF001F966F /* RedditViewer */ = {
			isa = PBXNativeTarget;
			buildConfigurationList = 9BD6FB442F49E6D1001F966F /* Build configuration list for PBXNativeTarget "RedditViewer" */;
			buildPhases = (
				9BD6FB172F49E6CF001F966F /* Sources */,
				9BD6FB182F49E6CF001F966F /* Frameworks */,
				9BD6FB192F49E6CF001F966F /* Resources */,
			);
			buildRules = (
			);
			dependencies = (
			);
			name = RedditViewer;
			packageProductDependencies = (
				9BD6FB652F49F1A0001F966F /* SnapKit */,
			);
			productName = RedditViewer;
			productReference = 9BD6FB1B2F49E6CF001F966F /* RedditViewer.app */;
			productType = "com.apple.product-type.application";
		};
		9BD6FB302F49E6D1001F966F /* RedditViewerTests */ = {
			isa = PBXNativeTarget;
			buildConfigurationList = 9BD6FB492F49E6D1001F966F /* Build configuration list for PBXNativeTarget "RedditViewerTests" */;
			buildPhases = (
				9BD6FB2D2F49E6D1001F966F /* Sources */,
				9BD6FB2E2F49E6D1001F966F /* Frameworks */,
				9BD6FB2F2F49E6D1001F966F /* Resources */,
			);
			buildRules = (
			);
			dependencies = (
				9BD6FB332F49E6D1001F966F /* PBXTargetDependency */,
			);
			fileSystemSynchronizedGroups = (
				9BD6FB342F49E6D1001F966F /* RedditViewerTests */,
			);
			name = RedditViewerTests;
			packageProductDependencies = (
			);
			productName = RedditViewerTests;
			productReference = 9BD6FB312F49E6D1001F966F /* RedditViewerTests.xctest */;
			productType = "com.apple.product-type.bundle.unit-test";
		};
		9BD6FB3A2F49E6D1001F966F /* RedditViewerUITests */ = {
			isa = PBXNativeTarget;
			buildConfigurationList = 9BD6FB4C2F49E6D1001F966F /* Build configuration list for PBXNativeTarget "RedditViewerUITests" */;
			buildPhases = (
				9BD6FB372F49E6D1001F966F /* Sources */,
				9BD6FB382F49E6D1001F966F /* Frameworks */,
				9BD6FB392F49E6D1001F966F /* Resources */,
			);
			buildRules = (
			);
			dependencies = (
				9BD6FB3D2F49E6D1001F966F /* PBXTargetDependency */,
			);
			fileSystemSynchronizedGroups = (
				9BD6FB3E2F49E6D1001F966F /* RedditViewerUITests */,
			);
			name = RedditViewerUITests;
			packageProductDependencies = (
			);
			productName = RedditViewerUITests;
			productReference = 9BD6FB3B2F49E6D1001F966F /* RedditViewerUITests.xctest */;
			productType = "com.apple.product-type.bundle.ui-testing";
		};
/* End PBXNativeTarget section */

/* Begin PBXProject section */
		9BD6FB132F49E6CF001F966F /* Project object */ = {
			isa = PBXProject;
			attributes = {
				BuildIndependentTargetsInParallel = 1;
				LastSwiftUpdateCheck = 2620;
				LastUpgradeCheck = 2620;
				TargetAttributes = {
					9BD6FB1A2F49E6CF001F966F = {
						CreatedOnToolsVersion = 26.2;
					};
					9BD6FB302F49E6D1001F966F = {
						CreatedOnToolsVersion = 26.2;
						TestTargetID = 9BD6FB1A2F49E6CF001F966F;
					};
					9BD6FB3A2F49E6D1001F966F = {
						CreatedOnToolsVersion = 26.2;
						TestTargetID = 9BD6FB1A2F49E6CF001F966F;
					};
				};
			};
			buildConfigurationList = 9BD6FB162F49E6CF001F966F /* Build configuration list for PBXProject "RedditViewer" */;
			developmentRegion = en;
			hasScannedForEncodings = 0;
			knownRegions = (
				en,
				Base,
			);
			mainGroup = 9BD6FB122F49E6CF001F966F;
			minimizedProjectReferenceProxies = 1;
			packageReferences = (
				9BD6FB642F49F1A0001F966F /* XCRemoteSwiftPackageReference "SnapKit" */,
			);
			preferredProjectObjectVersion = 77;
			productRefGroup = 9BD6FB1C2F49E6CF001F966F /* Products */;
			projectDirPath = "";
			projectRoot = "";
			targets = (
				9BD6FB1A2F49E6CF001F966F /* RedditViewer */,
				9BD6FB302F49E6D1001F966F /* RedditViewerTests */,
				9BD6FB3A2F49E6D1001F966F /* RedditViewerUITests */,
			);
		};
/* End PBXProject section */

/* Begin PBXResourcesBuildPhase section */
		9BD6FB192F49E6CF001F966F /* Resources */ = {
			isa = PBXResourcesBuildPhase;
			buildActionMask = 2147483647;
			files = (
				9BD6FB792F49F275001F966F /* Assets.xcassets in Resources */,
				9BD6FB7B2F49F275001F966F /* LaunchScreen.storyboard in Resources */,
			);
			runOnlyForDeploymentPostprocessing = 0;
		};
		9BD6FB2F2F49E6D1001F966F /* Resources */ = {
			isa = PBXResourcesBuildPhase;
			buildActionMask = 2147483647;
			files = (
			);
			runOnlyForDeploymentPostprocessing = 0;
		};
		9BD6FB392F49E6D1001F966F /* Resources */ = {
			isa = PBXResourcesBuildPhase;
			buildActionMask = 2147483647;
			files = (
			);
			runOnlyForDeploymentPostprocessing = 0;
		};
/* End PBXResourcesBuildPhase section */

/* Begin PBXSourcesBuildPhase section */
		9BD6FB172F49E6CF001F966F /* Sources */ = {
			isa = PBXSourcesBuildPhase;
			buildActionMask = 2147483647;
			files = (
				9BD6FB8F2F4B1FEA001F966F /* TopUserCell.swift in Sources */,
				9BD6FB862F49F4AC001F966F /* UIView+Extensions.swift in Sources */,
				9BD6FB7C2F49F275001F966F /* ApiError.swift in Sources */,
				9BD6FB8A2F4B1CD0001F966F /* UITableView+Extension.swift in Sources */,
				9BD6FB7D2F49F275001F966F /* HTTPHeaders.swift in Sources */,
				9BD6FB7E2F49F275001F966F /* API.swift in Sources */,
				9BD6FB8C2F4B1D4F001F966F /* TopUsersViewModel.swift in Sources */,
				9BD6FB882F4A51CE001F966F /* StackOverflowTopUsers.swift in Sources */,
				9BD6FB7F2F49F275001F966F /* TopUsersVC.swift in Sources */,
				9BD6FB802F49F275001F966F /* AppDelegate.swift in Sources */,
				9BD6FB812F49F275001F966F /* SceneDelegate.swift in Sources */,
			);
			runOnlyForDeploymentPostprocessing = 0;
		};
		9BD6FB2D2F49E6D1001F966F /* Sources */ = {
			isa = PBXSourcesBuildPhase;
			buildActionMask = 2147483647;
			files = (
			);
			runOnlyForDeploymentPostprocessing = 0;
		};
		9BD6FB372F49E6D1001F966F /* Sources */ = {
			isa = PBXSourcesBuildPhase;
			buildActionMask = 2147483647;
			files = (
			);
			runOnlyForDeploymentPostprocessing = 0;
		};
/* End PBXSourcesBuildPhase section */

/* Begin PBXTargetDependency section */
		9BD6FB332F49E6D1001F966F /* PBXTargetDependency */ = {
			isa = PBXTargetDependency;
			target = 9BD6FB1A2F49E6CF001F966F /* RedditViewer */;
			targetProxy = 9BD6FB322F49E6D1001F966F /* PBXContainerItemProxy */;
		};
		9BD6FB3D2F49E6D1001F966F /* PBXTargetDependency */ = {
			isa = PBXTargetDependency;
			target = 9BD6FB1A2F49E6CF001F966F /* RedditViewer */;
			targetProxy = 9BD6FB3C2F49E6D1001F966F /* PBXContainerItemProxy */;
		};
/* End PBXTargetDependency section */

/* Begin PBXVariantGroup section */
		9BD6FB762F49F275001F966F /* LaunchScreen.storyboard */ = {
			isa = PBXVariantGroup;
			children = (
				9BD6FB752F49F275001F966F /* Base */,
			);
			name = LaunchScreen.storyboard;
			sourceTree = "<group>";
		};
/* End PBXVariantGroup section */

/* Begin XCBuildConfiguration section */
		9BD6FB452F49E6D1001F966F /* Debug */ = {
			isa = XCBuildConfiguration;
			buildSettings = {
				ASSETCATALOG_COMPILER_APPICON_NAME = AppIcon;
				ASSETCATALOG_COMPILER_GLOBAL_ACCENT_COLOR_NAME = AccentColor;
				ASSETCATALOG_COMPILER_INCLUDE_ALL_APPICON_ASSETS = YES;
				CODE_SIGN_STYLE = Automatic;
				CURRENT_PROJECT_VERSION = 1;
				DEVELOPMENT_TEAM = 43UH7KW7DA;
				GENERATE_INFOPLIST_FILE = YES;
				INFOPLIST_FILE = RedditViewer/Info.plist;
				INFOPLIST_KEY_UIApplicationSupportsIndirectInputEvents = YES;
				INFOPLIST_KEY_UILaunchStoryboardName = "";
				INFOPLIST_KEY_UIMainStoryboardFile = "";
				INFOPLIST_KEY_UISupportedInterfaceOrientations = UIInterfaceOrientationPortrait;
				INFOPLIST_KEY_UISupportedInterfaceOrientations_iPad = "UIInterfaceOrientationLandscapeLeft UIInterfaceOrientationLandscapeRight UIInterfaceOrientationPortrait UIInterfaceOrientationPortraitUpsideDown";
				IPHONEOS_DEPLOYMENT_TARGET = 16.0;
				LD_RUNPATH_SEARCH_PATHS = (
					"$(inherited)",
					"@executable_path/Frameworks",
				);
				MARKETING_VERSION = 1.0;
				PRODUCT_BUNDLE_IDENTIFIER = com.arturpilavetz.RedditViewer;
				PRODUCT_NAME = "$(TARGET_NAME)";
				STRING_CATALOG_GENERATE_SYMBOLS = YES;
				SUPPORTED_PLATFORMS = "iphoneos iphonesimulator";
				SUPPORTS_MACCATALYST = NO;
				SUPPORTS_MAC_DESIGNED_FOR_IPHONE_IPAD = NO;
				SUPPORTS_XR_DESIGNED_FOR_IPHONE_IPAD = NO;
				SWIFT_APPROACHABLE_CONCURRENCY = YES;
				SWIFT_DEFAULT_ACTOR_ISOLATION = MainActor;
				SWIFT_EMIT_LOC_STRINGS = YES;
				SWIFT_UPCOMING_FEATURE_MEMBER_IMPORT_VISIBILITY = YES;
				SWIFT_VERSION = 5.0;
				TARGETED_DEVICE_FAMILY = 1;
			};
			name = Debug;
		};
		9BD6FB462F49E6D1001F966F /* Release */ = {
			isa = XCBuildConfiguration;
			buildSettings = {
				ASSETCATALOG_COMPILER_APPICON_NAME = AppIcon;
				ASSETCATALOG_COMPILER_GLOBAL_ACCENT_COLOR_NAME = AccentColor;
				ASSETCATALOG_COMPILER_INCLUDE_ALL_APPICON_ASSETS = YES;
				CODE_SIGN_STYLE = Automatic;
				CURRENT_PROJECT_VERSION = 1;
				DEVELOPMENT_TEAM = 43UH7KW7DA;
				GENERATE_INFOPLIST_FILE = YES;
				INFOPLIST_FILE = RedditViewer/Info.plist;
				INFOPLIST_KEY_UIApplicationSupportsIndirectInputEvents = YES;
				INFOPLIST_KEY_UILaunchStoryboardName = "";
				INFOPLIST_KEY_UIMainStoryboardFile = "";
				INFOPLIST_KEY_UISupportedInterfaceOrientations = UIInterfaceOrientationPortrait;
				INFOPLIST_KEY_UISupportedInterfaceOrientations_iPad = "UIInterfaceOrientationLandscapeLeft UIInterfaceOrientationLandscapeRight UIInterfaceOrientationPortrait UIInterfaceOrientationPortraitUpsideDown";
				IPHONEOS_DEPLOYMENT_TARGET = 16.0;
				LD_RUNPATH_SEARCH_PATHS = (
					"$(inherited)",
					"@executable_path/Frameworks",
				);
				MARKETING_VERSION = 1.0;
				PRODUCT_BUNDLE_IDENTIFIER = com.arturpilavetz.RedditViewer;
				PRODUCT_NAME = "$(TARGET_NAME)";
				STRING_CATALOG_GENERATE_SYMBOLS = YES;
				SUPPORTED_PLATFORMS = "iphoneos iphonesimulator";
				SUPPORTS_MACCATALYST = NO;
				SUPPORTS_MAC_DESIGNED_FOR_IPHONE_IPAD = NO;
				SUPPORTS_XR_DESIGNED_FOR_IPHONE_IPAD = NO;
				SWIFT_APPROACHABLE_CONCURRENCY = YES;
				SWIFT_DEFAULT_ACTOR_ISOLATION = MainActor;
				SWIFT_EMIT_LOC_STRINGS = YES;
				SWIFT_UPCOMING_FEATURE_MEMBER_IMPORT_VISIBILITY = YES;
				SWIFT_VERSION = 5.0;
				TARGETED_DEVICE_FAMILY = 1;
			};
			name = Release;
		};
		9BD6FB472F49E6D1001F966F /* Debug */ = {
			isa = XCBuildConfiguration;
			buildSettings = {
				ALWAYS_SEARCH_USER_PATHS = NO;
				ASSETCATALOG_COMPILER_GENERATE_SWIFT_ASSET_SYMBOL_EXTENSIONS = YES;
				CLANG_ANALYZER_NONNULL = YES;
				CLANG_ANALYZER_NUMBER_OBJECT_CONVERSION = YES_AGGRESSIVE;
				CLANG_CXX_LANGUAGE_STANDARD = "gnu++20";
				CLANG_ENABLE_MODULES = YES;
				CLANG_ENABLE_OBJC_ARC = YES;
				CLANG_ENABLE_OBJC_WEAK = YES;
				CLANG_WARN_BLOCK_CAPTURE_AUTORELEASING = YES;
				CLANG_WARN_BOOL_CONVERSION = YES;
				CLANG_WARN_COMMA = YES;
				CLANG_WARN_CONSTANT_CONVERSION = YES;
				CLANG_WARN_DEPRECATED_OBJC_IMPLEMENTATIONS = YES;
				CLANG_WARN_DIRECT_OBJC_ISA_USAGE = YES_ERROR;
				CLANG_WARN_DOCUMENTATION_COMMENTS = YES;
				CLANG_WARN_EMPTY_BODY = YES;
				CLANG_WARN_ENUM_CONVERSION = YES;
				CLANG_WARN_INFINITE_RECURSION = YES;
				CLANG_WARN_INT_CONVERSION = YES;
				CLANG_WARN_NON_LITERAL_NULL_CONVERSION = YES;
				CLANG_WARN_OBJC_IMPLICIT_RETAIN_SELF = YES;
				CLANG_WARN_OBJC_LITERAL_CONVERSION = YES;
				CLANG_WARN_OBJC_ROOT_CLASS = YES_ERROR;
				CLANG_WARN_QUOTED_INCLUDE_IN_FRAMEWORK_HEADER = YES;
				CLANG_WARN_RANGE_LOOP_ANALYSIS = YES;
				CLANG_WARN_STRICT_PROTOTYPES = YES;
				CLANG_WARN_SUSPICIOUS_MOVE = YES;
				CLANG_WARN_UNGUARDED_AVAILABILITY = YES_AGGRESSIVE;
				CLANG_WARN_UNREACHABLE_CODE = YES;
				CLANG_WARN__DUPLICATE_METHOD_MATCH = YES;
				COPY_PHASE_STRIP = NO;
				DEBUG_INFORMATION_FORMAT = dwarf;
				DEVELOPMENT_TEAM = 43UH7KW7DA;
				ENABLE_STRICT_OBJC_MSGSEND = YES;
				ENABLE_TESTABILITY = YES;
				ENABLE_USER_SCRIPT_SANDBOXING = YES;
				GCC_C_LANGUAGE_STANDARD = gnu17;
				GCC_DYNAMIC_NO_PIC = NO;
				GCC_NO_COMMON_BLOCKS = YES;
				GCC_OPTIMIZATION_LEVEL = 0;
				GCC_PREPROCESSOR_DEFINITIONS = (
					"DEBUG=1",
					"$(inherited)",
				);
				GCC_WARN_64_TO_32_BIT_CONVERSION = YES;
				GCC_WARN_ABOUT_RETURN_TYPE = YES_ERROR;
				GCC_WARN_UNDECLARED_SELECTOR = YES;
				GCC_WARN_UNINITIALIZED_AUTOS = YES_AGGRESSIVE;
				GCC_WARN_UNUSED_FUNCTION = YES;
				GCC_WARN_UNUSED_VARIABLE = YES;
				IPHONEOS_DEPLOYMENT_TARGET = 26.2;
				LOCALIZATION_PREFERS_STRING_CATALOGS = YES;
				MTL_ENABLE_DEBUG_INFO = INCLUDE_SOURCE;
				MTL_FAST_MATH = YES;
				ONLY_ACTIVE_ARCH = YES;
				SDKROOT = iphoneos;
				SWIFT_ACTIVE_COMPILATION_CONDITIONS = "DEBUG $(inherited)";
				SWIFT_OPTIMIZATION_LEVEL = "-Onone";
			};
			name = Debug;
		};
		9BD6FB482F49E6D1001F966F /* Release */ = {
			isa = XCBuildConfiguration;
			buildSettings = {
				ALWAYS_SEARCH_USER_PATHS = NO;
				ASSETCATALOG_COMPILER_GENERATE_SWIFT_ASSET_SYMBOL_EXTENSIONS = YES;
				CLANG_ANALYZER_NONNULL = YES;
				CLANG_ANALYZER_NUMBER_OBJECT_CONVERSION = YES_AGGRESSIVE;
				CLANG_CXX_LANGUAGE_STANDARD = "gnu++20";
				CLANG_ENABLE_MODULES = YES;
				CLANG_ENABLE_OBJC_ARC = YES;
				CLANG_ENABLE_OBJC_WEAK = YES;
				CLANG_WARN_BLOCK_CAPTURE_AUTORELEASING = YES;
				CLANG_WARN_BOOL_CONVERSION = YES;
				CLANG_WARN_COMMA = YES;
				CLANG_WARN_CONSTANT_CONVERSION = YES;
				CLANG_WARN_DEPRECATED_OBJC_IMPLEMENTATIONS = YES;
				CLANG_WARN_DIRECT_OBJC_ISA_USAGE = YES_ERROR;
				CLANG_WARN_DOCUMENTATION_COMMENTS = YES;
				CLANG_WARN_EMPTY_BODY = YES;
				CLANG_WARN_ENUM_CONVERSION = YES;
				CLANG_WARN_INFINITE_RECURSION = YES;
				CLANG_WARN_INT_CONVERSION = YES;
				CLANG_WARN_NON_LITERAL_NULL_CONVERSION = YES;
				CLANG_WARN_OBJC_IMPLICIT_RETAIN_SELF = YES;
				CLANG_WARN_OBJC_LITERAL_CONVERSION = YES;
				CLANG_WARN_OBJC_ROOT_CLASS = YES_ERROR;
				CLANG_WARN_QUOTED_INCLUDE_IN_FRAMEWORK_HEADER = YES;
				CLANG_WARN_RANGE_LOOP_ANALYSIS = YES;
				CLANG_WARN_STRICT_PROTOTYPES = YES;
				CLANG_WARN_SUSPICIOUS_MOVE = YES;
				CLANG_WARN_UNGUARDED_AVAILABILITY = YES_AGGRESSIVE;
				CLANG_WARN_UNREACHABLE_CODE = YES;
				CLANG_WARN__DUPLICATE_METHOD_MATCH = YES;
				COPY_PHASE_STRIP = NO;
				DEBUG_INFORMATION_FORMAT = "dwarf-with-dsym";
				DEVELOPMENT_TEAM = 43UH7KW7DA;
				ENABLE_NS_ASSERTIONS = NO;
				ENABLE_STRICT_OBJC_MSGSEND = YES;
				ENABLE_USER_SCRIPT_SANDBOXING = YES;
				GCC_C_LANGUAGE_STANDARD = gnu17;
				GCC_NO_COMMON_BLOCKS = YES;
				GCC_WARN_64_TO_32_BIT_CONVERSION = YES;
				GCC_WARN_ABOUT_RETURN_TYPE = YES_ERROR;
				GCC_WARN_UNDECLARED_SELECTOR = YES;
				GCC_WARN_UNINITIALIZED_AUTOS = YES_AGGRESSIVE;
				GCC_WARN_UNUSED_FUNCTION = YES;
				GCC_WARN_UNUSED_VARIABLE = YES;
				IPHONEOS_DEPLOYMENT_TARGET = 26.2;
				LOCALIZATION_PREFERS_STRING_CATALOGS = YES;
				MTL_ENABLE_DEBUG_INFO = NO;
				MTL_FAST_MATH = YES;
				SDKROOT = iphoneos;
				SWIFT_COMPILATION_MODE = wholemodule;
				VALIDATE_PRODUCT = YES;
			};
			name = Release;
		};
		9BD6FB4A2F49E6D1001F966F /* Debug */ = {
			isa = XCBuildConfiguration;
			buildSettings = {
				BUNDLE_LOADER = "$(TEST_HOST)";
				CODE_SIGN_STYLE = Automatic;
				CURRENT_PROJECT_VERSION = 1;
				DEVELOPMENT_TEAM = 43UH7KW7DA;
				GENERATE_INFOPLIST_FILE = YES;
				IPHONEOS_DEPLOYMENT_TARGET = 26.2;
				MARKETING_VERSION = 1.0;
				PRODUCT_BUNDLE_IDENTIFIER = com.arturpilavetz.RedditViewerTests;
				PRODUCT_NAME = "$(TARGET_NAME)";
				STRING_CATALOG_GENERATE_SYMBOLS = NO;
				SWIFT_APPROACHABLE_CONCURRENCY = YES;
				SWIFT_EMIT_LOC_STRINGS = NO;
				SWIFT_UPCOMING_FEATURE_MEMBER_IMPORT_VISIBILITY = YES;
				SWIFT_VERSION = 5.0;
				TARGETED_DEVICE_FAMILY = "1,2";
				TEST_HOST = "$(BUILT_PRODUCTS_DIR)/RedditViewer.app/$(BUNDLE_EXECUTABLE_FOLDER_PATH)/RedditViewer";
			};
			name = Debug;
		};
		9BD6FB4B2F49E6D1001F966F /* Release */ = {
			isa = XCBuildConfiguration;
			buildSettings = {
				BUNDLE_LOADER = "$(TEST_HOST)";
				CODE_SIGN_STYLE = Automatic;
				CURRENT_PROJECT_VERSION = 1;
				DEVELOPMENT_TEAM = 43UH7KW7DA;
				GENERATE_INFOPLIST_FILE = YES;
				IPHONEOS_DEPLOYMENT_TARGET = 26.2;
				MARKETING_VERSION = 1.0;
				PRODUCT_BUNDLE_IDENTIFIER = com.arturpilavetz.RedditViewerTests;
				PRODUCT_NAME = "$(TARGET_NAME)";
				STRING_CATALOG_GENERATE_SYMBOLS = NO;
				SWIFT_APPROACHABLE_CONCURRENCY = YES;
				SWIFT_EMIT_LOC_STRINGS = NO;
				SWIFT_UPCOMING_FEATURE_MEMBER_IMPORT_VISIBILITY = YES;
				SWIFT_VERSION = 5.0;
				TARGETED_DEVICE_FAMILY = "1,2";
				TEST_HOST = "$(BUILT_PRODUCTS_DIR)/RedditViewer.app/$(BUNDLE_EXECUTABLE_FOLDER_PATH)/RedditViewer";
			};
			name = Release;
		};
		9BD6FB4D2F49E6D1001F966F /* Debug */ = {
			isa = XCBuildConfiguration;
			buildSettings = {
				CODE_SIGN_STYLE = Automatic;
				CURRENT_PROJECT_VERSION = 1;
				DEVELOPMENT_TEAM = 43UH7KW7DA;
				GENERATE_INFOPLIST_FILE = YES;
				MARKETING_VERSION = 1.0;
				PRODUCT_BUNDLE_IDENTIFIER = com.arturpilavetz.RedditViewerUITests;
				PRODUCT_NAME = "$(TARGET_NAME)";
				STRING_CATALOG_GENERATE_SYMBOLS = NO;
				SWIFT_APPROACHABLE_CONCURRENCY = YES;
				SWIFT_EMIT_LOC_STRINGS = NO;
				SWIFT_UPCOMING_FEATURE_MEMBER_IMPORT_VISIBILITY = YES;
				SWIFT_VERSION = 5.0;
				TARGETED_DEVICE_FAMILY = "1,2";
				TEST_TARGET_NAME = RedditViewer;
			};
			name = Debug;
		};
		9BD6FB4E2F49E6D1001F966F /* Release */ = {
			isa = XCBuildConfiguration;
			buildSettings = {
				CODE_SIGN_STYLE = Automatic;
				CURRENT_PROJECT_VERSION = 1;
				DEVELOPMENT_TEAM = 43UH7KW7DA;
				GENERATE_INFOPLIST_FILE = YES;
				MARKETING_VERSION = 1.0;
				PRODUCT_BUNDLE_IDENTIFIER = com.arturpilavetz.RedditViewerUITests;
				PRODUCT_NAME = "$(TARGET_NAME)";
				STRING_CATALOG_GENERATE_SYMBOLS = NO;
				SWIFT_APPROACHABLE_CONCURRENCY = YES;
				SWIFT_EMIT_LOC_STRINGS = NO;
				SWIFT_UPCOMING_FEATURE_MEMBER_IMPORT_VISIBILITY = YES;
				SWIFT_VERSION = 5.0;
				TARGETED_DEVICE_FAMILY = "1,2";
				TEST_TARGET_NAME = RedditViewer;
			};
			name = Release;
		};
/* End XCBuildConfiguration section */

/* Begin XCConfigurationList section */
		9BD6FB162F49E6CF001F966F /* Build configuration list for PBXProject "RedditViewer" */ = {
			isa = XCConfigurationList;
			buildConfigurations = (
				9BD6FB472F49E6D1001F966F /* Debug */,
				9BD6FB482F49E6D1001F966F /* Release */,
			);
			defaultConfigurationIsVisible = 0;
			defaultConfigurationName = Release;
		};
		9BD6FB442F49E6D1001F966F /* Build configuration list for PBXNativeTarget "RedditViewer" */ = {
			isa = XCConfigurationList;
			buildConfigurations = (
				9BD6FB452F49E6D1001F966F /* Debug */,
				9BD6FB462F49E6D1001F966F /* Release */,
			);
			defaultConfigurationIsVisible = 0;
			defaultConfigurationName = Release;
		};
		9BD6FB492F49E6D1001F966F /* Build configuration list for PBXNativeTarget "RedditViewerTests" */ = {
			isa = XCConfigurationList;
			buildConfigurations = (
				9BD6FB4A2F49E6D1001F966F /* Debug */,
				9BD6FB4B2F49E6D1001F966F /* Release */,
			);
			defaultConfigurationIsVisible = 0;
			defaultConfigurationName = Release;
		};
		9BD6FB4C2F49E6D1001F966F /* Build configuration list for PBXNativeTarget "RedditViewerUITests" */ = {
			isa = XCConfigurationList;
			buildConfigurations = (
				9BD6FB4D2F49E6D1001F966F /* Debug */,
				9BD6FB4E2F49E6D1001F966F /* Release */,
			);
			defaultConfigurationIsVisible = 0;
			defaultConfigurationName = Release;
		};
/* End XCConfigurationList section */

/* Begin XCRemoteSwiftPackageReference section */
		9BD6FB642F49F1A0001F966F /* XCRemoteSwiftPackageReference "SnapKit" */ = {
			isa = XCRemoteSwiftPackageReference;
			repositoryURL = "https://github.com/SnapKit/SnapKit";
			requirement = {
				kind = upToNextMinorVersion;
				minimumVersion = 5.7.1;
			};
		};
/* End XCRemoteSwiftPackageReference section */

/* Begin XCSwiftPackageProductDependency section */
		9BD6FB652F49F1A0001F966F /* SnapKit */ = {
			isa = XCSwiftPackageProductDependency;
			package = 9BD6FB642F49F1A0001F966F /* XCRemoteSwiftPackageReference "SnapKit" */;
			productName = SnapKit;
		};
/* End XCSwiftPackageProductDependency section */
	};
	rootObject = 9BD6FB132F49E6CF001F966F /* Project object */;
}
